
Microsoft Visual Studio Solution File, Format Version 12.00
# Visual Studio Version 17
VisualStudioVersion = 17.9.34902.65
MinimumVisualStudioVersion = 10.0.40219.1
Project("{9A19103F-16F7-4668-BE54-9A1E7A4F7556}") = "WhiteLagoon.Web", "WhiteLagoon.Web\WhiteLagoon.Web.csproj", "{B0F04A69-BCEA-4D72-AAF7-27E8B329330B}"
EndProject
Project("{9A19103F-16F7-4668-BE54-9A1E7A4F7556}") = "WhiteLagoon.Domain", "WhiteLagoon.Domain\WhiteLagoon.Domain.csproj", "{88476018-4FEB-4433-8F27-ED9A0964CD83}"
EndProject
Project("{9A19103F-16F7-4668-BE54-9A1E7A4F7556}") = "WhiteLagoon.Application", "WhiteLagoon.Application\WhiteLagoon.Application.csproj", "{E8EBAECE-644A-4C12-80D8-293B10E185AC}"
EndProject
Project("{9A19103F-16F7-4668-BE54-9A1E7A4F7556}") = "WhiteLagoon.Infrastructure", "WhiteLagoon.Infrastructure\WhiteLagoon.Infrastructure.csproj", "{159A694A-5478-4006-8460-FA51A50819A9}"
EndProject
Project("{9A19103F-16F7-4668-BE54-9A1E7A4F7556}") = "WhiteLagoon.Blazor", "WhiteLagoon.Blazor\WhiteLagoon.Blazor\WhiteLagoon.Blazor.csproj", "{ED621CD8-D6AC-4CBE-AFDD-D60C7D014B62}"
EndProject
Project("{9A19103F-16F7-4668-BE54-9A1E7A4F7556}") = "WhiteLagoon.Blazor.Client", "WhiteLagoon.Blazor\WhiteLagoon.Blazor.Client\WhiteLagoon.Blazor.Client.csproj", "{6E06B381-5F79-4581-B6B8-14DA16948B76}"
EndProject
Global
	GlobalSection(SolutionConfigurationPlatforms) = preSolution
		Debug|Any CPU = Debug|Any CPU
		Release|Any CPU = Release|Any CPU
	EndGlobalSection
	GlobalSection(ProjectConfigurationPlatforms) = postSolution
		{B0F04A69-BCEA-4D72-AAF7-27E8B329330B}.Debug|Any CPU.ActiveCfg = Debug|Any CPU
		{B0F04A69-BCEA-4D72-AAF7-27E8B329330B}.Debug|Any CPU.Build.0 = Debug|Any CPU
		{B0F04A69-BCEA-4D72-AAF7-27E8B329330B}.Release|Any CPU.ActiveCfg = Release|Any CPU
		{B0F04A69-BCEA-4D72-AAF7-27E8B329330B}.Release|Any CPU.Build.0 = Release|Any CPU
		{88476018-4FEB-4433-8F27-ED9A0964CD83}.Debug|Any CPU.ActiveCfg = Debug|Any CPU
		{88476018-4FEB-4433-8F27-ED9A0964CD83}.Debug|Any CPU.Build.0 = Debug|Any CPU
		{88476018-4FEB-4433-8F27-ED9A0964CD83}.Release|Any CPU.ActiveCfg = Release|Any CPU
		{88476018-4FEB-4433-8F27-ED9A0964CD83}.Release|Any CPU.Build.0 = Release|Any CPU
		{E8EBAECE-644A-4C12-80D8-293B10E185AC}.Debug|Any CPU.ActiveCfg = Debug|Any CPU
		{E8EBAECE-644A-4C12-80D8-293B10E185AC}.Debug|Any CPU.Build.0 = Debug|Any CPU
		{E8EBAECE-644A-4C12-80D8-293B10E185AC}.Release|Any CPU.ActiveCfg = Release|Any CPU
		{E8EBAECE-644A-4C12-80D8-293B10E185AC}.Release|Any CPU.Build.0 = Release|Any CPU
		{159A694A-5478-4006-8460-FA51A50819A9}.Debug|Any CPU.ActiveCfg = Debug|Any CPU
		{159A694A-5478-4006-8460-FA51A50819A9}.Debug|Any CPU.Build.0 = Debug|Any CPU
		{159A694A-5478-4006-8460-FA51A50819A9}.Release|Any CPU.ActiveCfg = Release|Any CPU
		{159A694A-5478-4006-8460-FA51A50819A9}.Release|Any CPU.Build.0 = Release|Any CPU
		{ED621CD8-D6AC-4CBE-AFDD-D60C7D014B62}.Debug|Any CPU.ActiveCfg = Debug|Any CPU
		{ED621CD8-D6AC-4CBE-AFDD-D60C7D014B62}.Debug|Any CPU.Build.0 = Debug|Any CPU
		{ED621CD8-D6AC-4CBE-AFDD-D60C7D014B62}.Release|Any CPU.ActiveCfg = Release|Any CPU
		{ED621CD8-D6AC-4CBE-AFDD-D60C7D014B62}.Release|Any CPU.Build.0 = Release|Any CPU
		{6E06B381-5F79-4581-B6B8-14DA16948B76}.Debug|Any CPU.ActiveCfg = Debug|Any CPU
		{6E06B381-5F79-4581-B6B8-14DA16948B76}.Debug|Any CPU.Build.0 = Debug|Any CPU
		{6E06B381-5F79-4581-B6B8-14DA16948B76}.Release|Any CPU.ActiveCfg = Release|Any CPU
		{6E06B381-5F79-4581-B6B8-14DA16948B76}.Release|Any CPU.Build.0 = Release|Any CPU
	EndGlobalSection
	GlobalSection(SolutionProperties) = preSolution
		HideSolutionNode = FALSE
	EndGlobalSection
	GlobalSection(ExtensibilityGlobals) = postSolution
		SolutionGuid = {839DDF2A-A053-4AB3-AFDF-EBCE5EF37D7C}
	EndGlobalSection
EndGlobal
